// !$*UTF8*$!
{
	archiveVersion = 1;
	classes = {
	};
	objectVersion = 56;
	objects = {

/* Begin PBXBuildFile section */
		F67D724B29F1437D003DEE35 /* AppDelegate.swift in Sources */ = {isa = PBXBuildFile; fileRef = F67D724A29F1437D003DEE35 /* AppDelegate.swift */; };
		F67D724D29F1437D003DEE35 /* SceneDelegate.swift in Sources */ = {isa = PBXBuildFile; fileRef = F67D724C29F1437D003DEE35 /* SceneDelegate.swift */; };
		F67D724F29F1437D003DEE35 /* ViewController.swift in Sources */ = {isa = PBXBuildFile; fileRef = F67D724E29F1437D003DEE35 /* ViewController.swift */; };
		F67D725429F1437F003DEE35 /* Assets.xcassets in Resources */ = {isa = PBXBuildFile; fileRef = F67D725329F1437F003DEE35 /* Assets.xcassets */; };
		F67D725729F1437F003DEE35 /* LaunchScreen.storyboard in Resources */ = {isa = PBXBuildFile; fileRef = F67D725529F1437F003DEE35 /* LaunchScreen.storyboard */; };
		F67D726229F14F3E003DEE35 /* TabBarController.swift in Sources */ = {isa = PBXBuildFile; fileRef = F67D726129F14F3E003DEE35 /* TabBarController.swift */; };
		F67D726529F154DC003DEE35 /* HabitsViewController.swift in Sources */ = {isa = PBXBuildFile; fileRef = F67D726429F154DC003DEE35 /* HabitsViewController.swift */; };
		F67D726829F1551D003DEE35 /* InfoViewController.swift in Sources */ = {isa = PBXBuildFile; fileRef = F67D726729F1551D003DEE35 /* InfoViewController.swift */; };
		F67D726F29F27B73003DEE35 /* HabitsStore.swift in Sources */ = {isa = PBXBuildFile; fileRef = F67D726E29F27B73003DEE35 /* HabitsStore.swift */; };
		F67D727329F67941003DEE35 /* HabitViewController.swift in Sources */ = {isa = PBXBuildFile; fileRef = F67D727229F67941003DEE35 /* HabitViewController.swift */; };
		F67D727629F7CB94003DEE35 /* ProgressCollectionViewCell.swift in Sources */ = {isa = PBXBuildFile; fileRef = F67D727529F7CB94003DEE35 /* ProgressCollectionViewCell.swift */; };
/* End PBXBuildFile section */

/* Begin PBXFileReference section */
		F67D724729F1437D003DEE35 /* MyHabits.app */ = {isa = PBXFileReference; explicitFileType = wrapper.application; includeInIndex = 0; path = MyHabits.app; sourceTree = BUILT_PRODUCTS_DIR; };
		F67D724A29F1437D003DEE35 /* AppDelegate.swift */ = {isa = PBXFileReference; lastKnownFileType = sourcecode.swift; path = AppDelegate.swift; sourceTree = "<group>"; };
		F67D724C29F1437D003DEE35 /* SceneDelegate.swift */ = {isa = PBXFileReference; lastKnownFileType = sourcecode.swift; path = SceneDelegate.swift; sourceTree = "<group>"; };
		F67D724E29F1437D003DEE35 /* ViewController.swift */ = {isa = PBXFileReference; lastKnownFileType = sourcecode.swift; path = ViewController.swift; sourceTree = "<group>"; };
		F67D725329F1437F003DEE35 /* Assets.xcassets */ = {isa = PBXFileReference; lastKnownFileType = folder.assetcatalog; path = Assets.xcassets; sourceTree = "<group>"; };
		F67D725629F1437F003DEE35 /* Base */ = {isa = PBXFileReference; lastKnownFileType = file.storyboard; name = Base; path = Base.lproj/LaunchScreen.storyboard; sourceTree = "<group>"; };
		F67D725829F1437F003DEE35 /* Info.plist */ = {isa = PBXFileReference; lastKnownFileType = text.plist.xml; path = Info.plist; sourceTree = "<group>"; };
		F67D726129F14F3E003DEE35 /* TabBarController.swift */ = {isa = PBXFileReference; lastKnownFileType = sourcecode.swift; path = TabBarController.swift; sourceTree = "<group>"; };
		F67D726429F154DC003DEE35 /* HabitsViewController.swift */ = {isa = PBXFileReference; lastKnownFileType = sourcecode.swift; path = HabitsViewController.swift; sourceTree = "<group>"; };
		F67D726729F1551D003DEE35 /* InfoViewController.swift */ = {isa = PBXFileReference; lastKnownFileType = sourcecode.swift; path = InfoViewController.swift; sourceTree = "<group>"; };
		F67D726E29F27B73003DEE35 /* HabitsStore.swift */ = {isa = PBXFileReference; lastKnownFileType = sourcecode.swift; path = HabitsStore.swift; sourceTree = "<group>"; };
		F67D727229F67941003DEE35 /* HabitViewController.swift */ = {isa = PBXFileReference; lastKnownFileType = sourcecode.swift; path = HabitViewController.swift; sourceTree = "<group>"; };
		F67D727529F7CB94003DEE35 /* ProgressCollectionViewCell.swift */ = {isa = PBXFileReference; lastKnownFileType = sourcecode.swift; path = ProgressCollectionViewCell.swift; sourceTree = "<group>"; };
/* End PBXFileReference section */

/* Begin PBXFrameworksBuildPhase section */
		F67D724429F1437D003DEE35 /* Frameworks */ = {
			isa = PBXFrameworksBuildPhase;
			buildActionMask = 2147483647;
			files = (
			);
			runOnlyForDeploymentPostprocessing = 0;
		};
/* End PBXFrameworksBuildPhase section */

/* Begin PBXGroup section */
		F67D723E29F1437D003DEE35 = {
			isa = PBXGroup;
			children = (
				F67D724929F1437D003DEE35 /* MyHabits */,
				F67D724829F1437D003DEE35 /* Products */,
			);
			sourceTree = "<group>";
		};
		F67D724829F1437D003DEE35 /* Products */ = {
			isa = PBXGroup;
			children = (
				F67D724729F1437D003DEE35 /* MyHabits.app */,
			);
			name = Products;
			sourceTree = "<group>";
		};
		F67D724929F1437D003DEE35 /* MyHabits */ = {
			isa = PBXGroup;
			children = (
				F67D727429F7CB27003DEE35 /* TableVew */,
				F67D726629F1550E003DEE35 /* InfoViewController */,
				F67D726329F154C5003DEE35 /* HabitViewController */,
				F67D726029F14C9A003DEE35 /* TabBar */,
				F67D725E29F143D8003DEE35 /* Resources */,
				F67D724E29F1437D003DEE35 /* ViewController.swift */,
				F67D725329F1437F003DEE35 /* Assets.xcassets */,
				F67D725529F1437F003DEE35 /* LaunchScreen.storyboard */,
				F67D725829F1437F003DEE35 /* Info.plist */,
				F67D726E29F27B73003DEE35 /* HabitsStore.swift */,
			);
			path = MyHabits;
			sourceTree = "<group>";
		};
		F67D725E29F143D8003DEE35 /* Resources */ = {
			isa = PBXGroup;
			children = (
				F67D724C29F1437D003DEE35 /* SceneDelegate.swift */,
				F67D724A29F1437D003DEE35 /* AppDelegate.swift */,
			);
			path = Resources;
			sourceTree = "<group>";
		};
		F67D726029F14C9A003DEE35 /* TabBar */ = {
			isa = PBXGroup;
			children = (
				F67D726129F14F3E003DEE35 /* TabBarController.swift */,
			);
			path = TabBar;
			sourceTree = "<group>";
		};
		F67D726329F154C5003DEE35 /* HabitViewController */ = {
			isa = PBXGroup;
			children = (
				F67D726429F154DC003DEE35 /* HabitsViewController.swift */,
				F67D727229F67941003DEE35 /* HabitViewController.swift */,
			);
			path = HabitViewController;
			sourceTree = "<group>";
		};
		F67D726629F1550E003DEE35 /* InfoViewController */ = {
			isa = PBXGroup;
			children = (
				F67D726729F1551D003DEE35 /* InfoViewController.swift */,
			);
			path = InfoViewController;
			sourceTree = "<group>";
		};
		F67D727429F7CB27003DEE35 /* TableVew */ = {
			isa = PBXGroup;
			children = (
				F67D727529F7CB94003DEE35 /* ProgressCollectionViewCell.swift */,
			);
			path = TableVew;
			sourceTree = "<group>";
		};
/* End PBXGroup section */

/* Begin PBXNativeTarget section */
		F67D724629F1437D003DEE35 /* MyHabits */ = {
			isa = PBXNativeTarget;
			buildConfigurationList = F67D725B29F1437F003DEE35 /* Build configuration list for PBXNativeTarget "MyHabits" */;
			buildPhases = (
				F67D724329F1437D003DEE35 /* Sources */,
				F67D724429F1437D003DEE35 /* Frameworks */,
				F67D724529F1437D003DEE35 /* Resources */,
			);
			buildRules = (
			);
			dependencies = (
			);
			name = MyHabits;
			productName = MyHabits;
			productReference = F67D724729F1437D003DEE35 /* MyHabits.app */;
			productType = "com.apple.product-type.application";
		};
/* End PBXNativeTarget section */

/* Begin PBXProject section */
		F67D723F29F1437D003DEE35 /* Project object */ = {
			isa = PBXProject;
			attributes = {
				BuildIndependentTargetsInParallel = 1;
				LastSwiftUpdateCheck = 1430;
				LastUpgradeCheck = 1430;
				TargetAttributes = {
					F67D724629F1437D003DEE35 = {
						CreatedOnToolsVersion = 14.3;
					};
				};
			};
			buildConfigurationList = F67D724229F1437D003DEE35 /* Build configuration list for PBXProject "MyHabits" */;
			compatibilityVersion = "Xcode 14.0";
			developmentRegion = en;
			hasScannedForEncodings = 0;
			knownRegions = (
				en,
				Base,
			);
			mainGroup = F67D723E29F1437D003DEE35;
			productRefGroup = F67D724829F1437D003DEE35 /* Products */;
			projectDirPath = "";
			projectRoot = "";
			targets = (
				F67D724629F1437D003DEE35 /* MyHabits */,
			);
		};
/* End PBXProject section */

/* Begin PBXResourcesBuildPhase section */
		F67D724529F1437D003DEE35 /* Resources */ = {
			isa = PBXResourcesBuildPhase;
			buildActionMask = 2147483647;
			files = (
				F67D725729F1437F003DEE35 /* LaunchScreen.storyboard in Resources */,
				F67D725429F1437F003DEE35 /* Assets.xcassets in Resources */,
			);
			runOnlyForDeploymentPostprocessing = 0;
		};
/* End PBXResourcesBuildPhase section */

/* Begin PBXSourcesBuildPhase section */
		F67D724329F1437D003DEE35 /* Sources */ = {
			isa = PBXSourcesBuildPhase;
			buildActionMask = 2147483647;
			files = (
				F67D726F29F27B73003DEE35 /* HabitsStore.swift in Sources */,
				F67D724F29F1437D003DEE35 /* ViewController.swift in Sources */,
				F67D726229F14F3E003DEE35 /* TabBarController.swift in Sources */,
				F67D727329F67941003DEE35 /* HabitViewController.swift in Sources */,
				F67D726529F154DC003DEE35 /* HabitsViewController.swift in Sources */,
				F67D727629F7CB94003DEE35 /* ProgressCollectionViewCell.swift in Sources */,
				F67D724B29F1437D003DEE35 /* AppDelegate.swift in Sources */,
				F67D726829F1551D003DEE35 /* InfoViewController.swift in Sources */,
				F67D724D29F1437D003DEE35 /* SceneDelegate.swift in Sources */,
			);
			runOnlyForDeploymentPostprocessing = 0;
		};
/* End PBXSourcesBuildPhase section */

/* Begin PBXVariantGroup section */
		F67D725529F1437F003DEE35 /* LaunchScreen.storyboard */ = {
			isa = PBXVariantGroup;
			children = (
				F67D725629F1437F003DEE35 /* Base */,
			);
			name = LaunchScreen.storyboard;
			sourceTree = "<group>";
		};
/* End PBXVariantGroup section */

/* Begin XCBuildConfiguration section */
		F67D725929F1437F003DEE35 /* Debug */ = {
			isa = XCBuildConfiguration;
			buildSettings = {
				ALWAYS_SEARCH_USER_PATHS = NO;
				CLANG_ANALYZER_NONNULL = YES;
				CLANG_ANALYZER_NUMBER_OBJECT_CONVERSION = YES_AGGRESSIVE;
				CLANG_CXX_LANGUAGE_STANDARD = "gnu++20";
				CLANG_ENABLE_MODULES = YES;
				CLANG_ENABLE_OBJC_ARC = YES;
				CLANG_ENABLE_OBJC_WEAK = YES;
				CLANG_WARN_BLOCK_CAPTURE_AUTORELEASING = YES;
				CLANG_WARN_BOOL_CONVERSION = YES;
				CLANG_WARN_COMMA = YES;
				CLANG_WARN_CONSTANT_CONVERSION = YES;
				CLANG_WARN_DEPRECATED_OBJC_IMPLEMENTATIONS = YES;
				CLANG_WARN_DIRECT_OBJC_ISA_USAGE = YES_ERROR;
				CLANG_WARN_DOCUMENTATION_COMMENTS = YES;
				CLANG_WARN_EMPTY_BODY = YES;
				CLANG_WARN_ENUM_CONVERSION = YES;
				CLANG_WARN_INFINITE_RECURSION = YES;
				CLANG_WARN_INT_CONVERSION = YES;
				CLANG_WARN_NON_LITERAL_NULL_CONVERSION = YES;
				CLANG_WARN_OBJC_IMPLICIT_RETAIN_SELF = YES;
				CLANG_WARN_OBJC_LITERAL_CONVERSION = YES;
				CLANG_WARN_OBJC_ROOT_CLASS = YES_ERROR;
				CLANG_WARN_QUOTED_INCLUDE_IN_FRAMEWORK_HEADER = YES;
				CLANG_WARN_RANGE_LOOP_ANALYSIS = YES;
				CLANG_WARN_STRICT_PROTOTYPES = YES;
				CLANG_WARN_SUSPICIOUS_MOVE = YES;
				CLANG_WARN_UNGUARDED_AVAILABILITY = YES_AGGRESSIVE;
				CLANG_WARN_UNREACHABLE_CODE = YES;
				CLANG_WARN__DUPLICATE_METHOD_MATCH = YES;
				COPY_PHASE_STRIP = NO;
				DEBUG_INFORMATION_FORMAT = dwarf;
				ENABLE_STRICT_OBJC_MSGSEND = YES;
				ENABLE_TESTABILITY = YES;
				GCC_C_LANGUAGE_STANDARD = gnu11;
				GCC_DYNAMIC_NO_PIC = NO;
				GCC_NO_COMMON_BLOCKS = YES;
				GCC_OPTIMIZATION_LEVEL = 0;
				GCC_PREPROCESSOR_DEFINITIONS = (
					"DEBUG=1",
					"$(inherited)",
				);
				GCC_WARN_64_TO_32_BIT_CONVERSION = YES;
				GCC_WARN_ABOUT_RETURN_TYPE = YES_ERROR;
				GCC_WARN_UNDECLARED_SELECTOR = YES;
				GCC_WARN_UNINITIALIZED_AUTOS = YES_AGGRESSIVE;
				GCC_WARN_UNUSED_FUNCTION = YES;
				GCC_WARN_UNUSED_VARIABLE = YES;
				IPHONEOS_DEPLOYMENT_TARGET = 16.4;
				MTL_ENABLE_DEBUG_INFO = INCLUDE_SOURCE;
				MTL_FAST_MATH = YES;
				ONLY_ACTIVE_ARCH = YES;
				SDKROOT = iphoneos;
				SWIFT_ACTIVE_COMPILATION_CONDITIONS = DEBUG;
				SWIFT_OPTIMIZATION_LEVEL = "-Onone";
			};
			name = Debug;
		};
		F67D725A29F1437F003DEE35 /* Release */ = {
			isa = XCBuildConfiguration;
			buildSettings = {
				ALWAYS_SEARCH_USER_PATHS = NO;
				CLANG_ANALYZER_NONNULL = YES;
				CLANG_ANALYZER_NUMBER_OBJECT_CONVERSION = YES_AGGRESSIVE;
				CLANG_CXX_LANGUAGE_STANDARD = "gnu++20";
				CLANG_ENABLE_MODULES = YES;
				CLANG_ENABLE_OBJC_ARC = YES;
				CLANG_ENABLE_OBJC_WEAK = YES;
				CLANG_WARN_BLOCK_CAPTURE_AUTORELEASING = YES;
				CLANG_WARN_BOOL_CONVERSION = YES;
				CLANG_WARN_COMMA = YES;
				CLANG_WARN_CONSTANT_CONVERSION = YES;
				CLANG_WARN_DEPRECATED_OBJC_IMPLEMENTATIONS = YES;
				CLANG_WARN_DIRECT_OBJC_ISA_USAGE = YES_ERROR;
				CLANG_WARN_DOCUMENTATION_COMMENTS = YES;
				CLANG_WARN_EMPTY_BODY = YES;
				CLANG_WARN_ENUM_CONVERSION = YES;
				CLANG_WARN_INFINITE_RECURSION = YES;
				CLANG_WARN_INT_CONVERSION = YES;
				CLANG_WARN_NON_LITERAL_NULL_CONVERSION = YES;
				CLANG_WARN_OBJC_IMPLICIT_RETAIN_SELF = YES;
				CLANG_WARN_OBJC_LITERAL_CONVERSION = YES;
				CLANG_WARN_OBJC_ROOT_CLASS = YES_ERROR;
				CLANG_WARN_QUOTED_INCLUDE_IN_FRAMEWORK_HEADER = YES;
				CLANG_WARN_RANGE_LOOP_ANALYSIS = YES;
				CLANG_WARN_STRICT_PROTOTYPES = YES;
				CLANG_WARN_SUSPICIOUS_MOVE = YES;
				CLANG_WARN_UNGUARDED_AVAILABILITY = YES_AGGRESSIVE;
				CLANG_WARN_UNREACHABLE_CODE = YES;
				CLANG_WARN__DUPLICATE_METHOD_MATCH = YES;
				COPY_PHASE_STRIP = NO;
				DEBUG_INFORMATION_FORMAT = "dwarf-with-dsym";
				ENABLE_NS_ASSERTIONS = NO;
				ENABLE_STRICT_OBJC_MSGSEND = YES;
				GCC_C_LANGUAGE_STANDARD = gnu11;
				GCC_NO_COMMON_BLOCKS = YES;
				GCC_WARN_64_TO_32_BIT_CONVERSION = YES;
				GCC_WARN_ABOUT_RETURN_TYPE = YES_ERROR;
				GCC_WARN_UNDECLARED_SELECTOR = YES;
				GCC_WARN_UNINITIALIZED_AUTOS = YES_AGGRESSIVE;
				GCC_WARN_UNUSED_FUNCTION = YES;
				GCC_WARN_UNUSED_VARIABLE = YES;
				IPHONEOS_DEPLOYMENT_TARGET = 16.4;
				MTL_ENABLE_DEBUG_INFO = NO;
				MTL_FAST_MATH = YES;
				SDKROOT = iphoneos;
				SWIFT_COMPILATION_MODE = wholemodule;
				SWIFT_OPTIMIZATION_LEVEL = "-O";
				VALIDATE_PRODUCT = YES;
			};
			name = Release;
		};
		F67D725C29F1437F003DEE35 /* Debug */ = {
			isa = XCBuildConfiguration;
			buildSettings = {
				ASSETCATALOG_COMPILER_APPICON_NAME = AppIcon;
				ASSETCATALOG_COMPILER_GLOBAL_ACCENT_COLOR_NAME = AccentColor;
				CODE_SIGN_STYLE = Automatic;
				CURRENT_PROJECT_VERSION = 1;
				GENERATE_INFOPLIST_FILE = YES;
				INFOPLIST_FILE = MyHabits/Info.plist;
				INFOPLIST_KEY_UIApplicationSupportsIndirectInputEvents = YES;
				INFOPLIST_KEY_UILaunchStoryboardName = LaunchScreen;
				INFOPLIST_KEY_UISupportedInterfaceOrientations_iPad = "UIInterfaceOrientationPortrait UIInterfaceOrientationPortraitUpsideDown UIInterfaceOrientationLandscapeLeft UIInterfaceOrientationLandscapeRight";
				INFOPLIST_KEY_UISupportedInterfaceOrientations_iPhone = "UIInterfaceOrientationPortrait UIInterfaceOrientationLandscapeLeft UIInterfaceOrientationLandscapeRight";
				LD_RUNPATH_SEARCH_PATHS = (
					"$(inherited)",
					"@executable_path/Frameworks",
				);
				MARKETING_VERSION = 1.0;
				PRODUCT_BUNDLE_IDENTIFIER = "-.MyHabits";
				PRODUCT_NAME = "$(TARGET_NAME)";
				SUPPORTED_PLATFORMS = "iphoneos iphonesimulator";
				SUPPORTS_MACCATALYST = NO;
				SUPPORTS_MAC_DESIGNED_FOR_IPHONE_IPAD = NO;
				SWIFT_EMIT_LOC_STRINGS = YES;
				SWIFT_VERSION = 5.0;
				TARGETED_DEVICE_FAMILY = "1,2";
			};
			name = Debug;
		};
		F67D725D29F1437F003DEE35 /* Release */ = {
			isa = XCBuildConfiguration;
			buildSettings = {
				ASSETCATALOG_COMPILER_APPICON_NAME = AppIcon;
				ASSETCATALOG_COMPILER_GLOBAL_ACCENT_COLOR_NAME = AccentColor;
				CODE_SIGN_STYLE = Automatic;
				CURRENT_PROJECT_VERSION = 1;
				GENERATE_INFOPLIST_FILE = YES;
				INFOPLIST_FILE = MyHabits/Info.plist;
				INFOPLIST_KEY_UIApplicationSupportsIndirectInputEvents = YES;
				INFOPLIST_KEY_UILaunchStoryboardName = LaunchScreen;
				INFOPLIST_KEY_UISupportedInterfaceOrientations_iPad = "UIInterfaceOrientationPortrait UIInterfaceOrientationPortraitUpsideDown UIInterfaceOrientationLandscapeLeft UIInterfaceOrientationLandscapeRight";
				INFOPLIST_KEY_UISupportedInterfaceOrientations_iPhone = "UIInterfaceOrientationPortrait UIInterfaceOrientationLandscapeLeft UIInterfaceOrientationLandscapeRight";
				LD_RUNPATH_SEARCH_PATHS = (
					"$(inherited)",
					"@executable_path/Frameworks",
				);
				MARKETING_VERSION = 1.0;
				PRODUCT_BUNDLE_IDENTIFIER = "-.MyHabits";
				PRODUCT_NAME = "$(TARGET_NAME)";
				SUPPORTED_PLATFORMS = "iphoneos iphonesimulator";
				SUPPORTS_MACCATALYST = NO;
				SUPPORTS_MAC_DESIGNED_FOR_IPHONE_IPAD = NO;
				SWIFT_EMIT_LOC_STRINGS = YES;
				SWIFT_VERSION = 5.0;
				TARGETED_DEVICE_FAMILY = "1,2";
			};
			name = Release;
		};
/* End XCBuildConfiguration section */

/* Begin XCConfigurationList section */
		F67D724229F1437D003DEE35 /* Build configuration list for PBXProject "MyHabits" */ = {
			isa = XCConfigurationList;
			buildConfigurations = (
				F67D725929F1437F003DEE35 /* Debug */,
				F67D725A29F1437F003DEE35 /* Release */,
			);
			defaultConfigurationIsVisible = 0;
			defaultConfigurationName = Release;
		};
		F67D725B29F1437F003DEE35 /* Build configuration list for PBXNativeTarget "MyHabits" */ = {
			isa = XCConfigurationList;
			buildConfigurations = (
				F67D725C29F1437F003DEE35 /* Debug */,
				F67D725D29F1437F003DEE35 /* Release */,
			);
			defaultConfigurationIsVisible = 0;
			defaultConfigurationName = Release;
		};
/* End XCConfigurationList section */
	};
	rootObject = F67D723F29F1437D003DEE35 /* Project object */;
}
